
Microsoft Visual Studio Solution File, Format Version 12.00
# Visual Studio Version 16
VisualStudioVersion = 16.0.31911.196
MinimumVisualStudioVersion = 10.0.40219.1
Project("{8BC9CEB8-8B4A-11D0-8D11-00A0C91BC942}") = "SandBox", "SandBox\SandBox.vcxproj", "{E5DC8B75-1BCE-4931-9A5D-F085F981B8A5}"
EndProject
Project("{8BC9CEB8-8B4A-11D0-8D11-00A0C91BC942}") = "Hazel", "Hazel\Hazel.vcxproj", "{AB4FB3F9-2FF7-43A3-85E5-18B74B0D99A3}"
EndProject
Global
	GlobalSection(SolutionConfigurationPlatforms) = preSolution
		Debug|x64 = Debug|x64
		Debug|x86 = Debug|x86
		Release|x64 = Release|x64
		Release|x86 = Release|x86
	EndGlobalSection
	GlobalSection(ProjectConfigurationPlatforms) = postSolution
		{E5DC8B75-1BCE-4931-9A5D-F085F981B8A5}.Debug|x64.ActiveCfg = Debug|x64
		{E5DC8B75-1BCE-4931-9A5D-F085F981B8A5}.Debug|x64.Build.0 = Debug|x64
		{E5DC8B75-1BCE-4931-9A5D-F085F981B8A5}.Debug|x86.ActiveCfg = Debug|x64
		{E5DC8B75-1BCE-4931-9A5D-F085F981B8A5}.Release|x64.ActiveCfg = Release|x64
		{E5DC8B75-1BCE-4931-9A5D-F085F981B8A5}.Release|x64.Build.0 = Release|x64
		{E5DC8B75-1BCE-4931-9A5D-F085F981B8A5}.Release|x86.ActiveCfg = Release|x64
		{AB4FB3F9-2FF7-43A3-85E5-18B74B0D99A3}.Debug|x64.ActiveCfg = Debug|x64
		{AB4FB3F9-2FF7-43A3-85E5-18B74B0D99A3}.Debug|x64.Build.0 = Debug|x64
		{AB4FB3F9-2FF7-43A3-85E5-18B74B0D99A3}.Debug|x86.ActiveCfg = Debug|x64
		{AB4FB3F9-2FF7-43A3-85E5-18B74B0D99A3}.Release|x64.ActiveCfg = Release|x64
		{AB4FB3F9-2FF7-43A3-85E5-18B74B0D99A3}.Release|x64.Build.0 = Release|x64
		{AB4FB3F9-2FF7-43A3-85E5-18B74B0D99A3}.Release|x86.ActiveCfg = Release|x64
	EndGlobalSection
	GlobalSection(SolutionProperties) = preSolution
		HideSolutionNode = FALSE
	EndGlobalSection
	GlobalSection(ExtensibilityGlobals) = postSolution
		SolutionGuid = {ADEC6BAA-0AEF-4F6C-8F62-21CDBA970C3B}
	EndGlobalSection
EndGlobal
